Microsoft Visual Studio Solution File, Format Version 12.00
# Visual Studio Version 17
VisualStudioVersion = 17.0.31903.59
MinimumVisualStudioVersion = 10.0.40219.1
Project("{9A19103F-16F7-4668-BE54-9A1E7A4F7556}") = "MacroButtons", "MacroButtons\MacroButtons.csproj", "{8B3C9D4E-5F6A-7B8C-9D0E-1F2A3B4C5D6E}"
EndProject
Project("{930C7802-8A8C-48F9-8165-68863BCCD9DD}") = "MacroButtons.Installer", "MacroButtons.Installer\MacroButtons.Installer.wixproj", "{F1E2D3C4-B5A6-9788-C0D1-E2F3A4B5C6D7}"
EndProject
Project("{9A19103F-16F7-4668-BE54-9A1E7A4F7556}") = "MacroButtons.Tests", "MacroButtons.Tests\MacroButtons.Tests.csproj", "{C5D6E7F8-9A0B-1C2D-3E4F-5A6B7C8D9E0F}"
EndProject
Project("{2150E333-8FDC-42A3-9474-1A3956D46DE8}") = "samples", "samples", "{A1B2C3D4-E5F6-4A5B-8C9D-0E1F2A3B4C5D}"
	ProjectSection(SolutionItems) = preProject
		samples\EliteDangerous\elite-status = samples\EliteDangerous\elite-status
		samples\EliteDangerous\elitedangerous.json = samples\EliteDangerous\elitedangerous.json
		samples\Photoshop\photoshop.json = samples\Photoshop\photoshop.json
		samples\README.md = samples\README.md
		samples\EliteDangerous\README.md = samples\EliteDangerous\README.md
	EndProjectSection
EndProject
Global
	GlobalSection(SolutionConfigurationPlatforms) = preSolution
		Debug|x64 = Debug|x64
		Release|x64 = Release|x64
	EndGlobalSection
	GlobalSection(ProjectConfigurationPlatforms) = postSolution
		{8B3C9D4E-5F6A-7B8C-9D0E-1F2A3B4C5D6E}.Debug|x64.ActiveCfg = Debug|x64
		{8B3C9D4E-5F6A-7B8C-9D0E-1F2A3B4C5D6E}.Debug|x64.Build.0 = Debug|x64
		{8B3C9D4E-5F6A-7B8C-9D0E-1F2A3B4C5D6E}.Release|x64.ActiveCfg = Release|x64
		{8B3C9D4E-5F6A-7B8C-9D0E-1F2A3B4C5D6E}.Release|x64.Build.0 = Release|x64
		{F1E2D3C4-B5A6-9788-C0D1-E2F3A4B5C6D7}.Debug|x64.ActiveCfg = Debug|x64
		{F1E2D3C4-B5A6-9788-C0D1-E2F3A4B5C6D7}.Debug|x64.Build.0 = Debug|x64
		{F1E2D3C4-B5A6-9788-C0D1-E2F3A4B5C6D7}.Release|x64.ActiveCfg = Release|x64
		{F1E2D3C4-B5A6-9788-C0D1-E2F3A4B5C6D7}.Release|x64.Build.0 = Release|x64
		{C5D6E7F8-9A0B-1C2D-3E4F-5A6B7C8D9E0F}.Debug|x64.ActiveCfg = Debug|x64
		{C5D6E7F8-9A0B-1C2D-3E4F-5A6B7C8D9E0F}.Debug|x64.Build.0 = Debug|x64
		{C5D6E7F8-9A0B-1C2D-3E4F-5A6B7C8D9E0F}.Release|x64.ActiveCfg = Release|x64
		{C5D6E7F8-9A0B-1C2D-3E4F-5A6B7C8D9E0F}.Release|x64.Build.0 = Release|x64
	EndGlobalSection
	GlobalSection(SolutionProperties) = preSolution
		HideSolutionNode = FALSE
	EndGlobalSection
EndGlobal
